
Microsoft Visual Studio Solution File, Format Version 12.00
# Visual Studio 15
VisualStudioVersion = 15.0.27428.2015
MinimumVisualStudioVersion = 10.0.40219.1
Project("{FAE04EC0-301F-11D3-BF4B-00C04F79EFBC}") = "CheckportWithTCP", "CheckportWithTCP\CheckportWithTCP.csproj", "{D62DFAF4-70C6-4CDA-A3A9-4DA1EFADDF60}"
EndProject
Global
	GlobalSection(SolutionConfigurationPlatforms) = preSolution
		Debug|Any CPU = Debug|Any CPU
		Release|Any CPU = Release|Any CPU
	EndGlobalSection
	GlobalSection(ProjectConfigurationPlatforms) = postSolution
		{D62DFAF4-70C6-4CDA-A3A9-4DA1EFADDF60}.Debug|Any CPU.ActiveCfg = Debug|Any CPU
		{D62DFAF4-70C6-4CDA-A3A9-4DA1EFADDF60}.Debug|Any CPU.Build.0 = Debug|Any CPU
		{D62DFAF4-70C6-4CDA-A3A9-4DA1EFADDF60}.Release|Any CPU.ActiveCfg = Release|Any CPU
		{D62DFAF4-70C6-4CDA-A3A9-4DA1EFADDF60}.Release|Any CPU.Build.0 = Release|Any CPU
	EndGlobalSection
	GlobalSection(SolutionProperties) = preSolution
		HideSolutionNode = FALSE
	EndGlobalSection
	GlobalSection(ExtensibilityGlobals) = postSolution
		SolutionGuid = {AECCEB80-8E08-42D7-93F3-C3B2F8088D67}
	EndGlobalSection
EndGlobal
